
Microsoft Visual Studio Solution File, Format Version 12.00
# Visual Studio Version 16
VisualStudioVersion = 16.0.31019.35
MinimumVisualStudioVersion = 10.0.40219.1
Project("{FAE04EC0-301F-11D3-BF4B-00C04F79EFBC}") = "Structs", "Structs\Structs.csproj", "{0FECFCC4-2B19-45A4-AB6A-0DF3CBC798AB}"
EndProject
Global
	GlobalSection(SolutionConfigurationPlatforms) = preSolution
		Debug|Any CPU = Debug|Any CPU
		Release|Any CPU = Release|Any CPU
	EndGlobalSection
	GlobalSection(ProjectConfigurationPlatforms) = postSolution
		{0FECFCC4-2B19-45A4-AB6A-0DF3CBC798AB}.Debug|Any CPU.ActiveCfg = Debug|Any CPU
		{0FECFCC4-2B19-45A4-AB6A-0DF3CBC798AB}.Debug|Any CPU.Build.0 = Debug|Any CPU
		{0FECFCC4-2B19-45A4-AB6A-0DF3CBC798AB}.Release|Any CPU.ActiveCfg = Release|Any CPU
		{0FECFCC4-2B19-45A4-AB6A-0DF3CBC798AB}.Release|Any CPU.Build.0 = Release|Any CPU
	EndGlobalSection
	GlobalSection(SolutionProperties) = preSolution
		HideSolutionNode = FALSE
	EndGlobalSection
	GlobalSection(ExtensibilityGlobals) = postSolution
		SolutionGuid = {236F61DF-D805-4BCF-8DAE-7B1F32CD4962}
	EndGlobalSection
EndGlobal
