
Microsoft Visual Studio Solution File, Format Version 12.00
# Visual Studio Version 16
VisualStudioVersion = 16.0.31019.35
MinimumVisualStudioVersion = 10.0.40219.1
Project("{FAE04EC0-301F-11D3-BF4B-00C04F79EFBC}") = "Abstract", "Abstract\Abstract.csproj", "{3D1641E0-D536-4BB8-BCF6-6FED36C9904E}"
EndProject
Global
	GlobalSection(SolutionConfigurationPlatforms) = preSolution
		Debug|Any CPU = Debug|Any CPU
		Release|Any CPU = Release|Any CPU
	EndGlobalSection
	GlobalSection(ProjectConfigurationPlatforms) = postSolution
		{3D1641E0-D536-4BB8-BCF6-6FED36C9904E}.Debug|Any CPU.ActiveCfg = Debug|Any CPU
		{3D1641E0-D536-4BB8-BCF6-6FED36C9904E}.Debug|Any CPU.Build.0 = Debug|Any CPU
		{3D1641E0-D536-4BB8-BCF6-6FED36C9904E}.Release|Any CPU.ActiveCfg = Release|Any CPU
		{3D1641E0-D536-4BB8-BCF6-6FED36C9904E}.Release|Any CPU.Build.0 = Release|Any CPU
	EndGlobalSection
	GlobalSection(SolutionProperties) = preSolution
		HideSolutionNode = FALSE
	EndGlobalSection
	GlobalSection(ExtensibilityGlobals) = postSolution
		SolutionGuid = {80D794FB-F92A-4FD3-B32D-1EF41AE0A340}
	EndGlobalSection
EndGlobal
