
Microsoft Visual Studio Solution File, Format Version 12.00
# Visual Studio Version 16
VisualStudioVersion = 16.0.31019.35
MinimumVisualStudioVersion = 10.0.40219.1
Project("{FAE04EC0-301F-11D3-BF4B-00C04F79EFBC}") = "Generics", "Generics\Generics.csproj", "{FCDF7798-13B7-4821-A8EF-72B5D7786AD9}"
EndProject
Global
	GlobalSection(SolutionConfigurationPlatforms) = preSolution
		Debug|Any CPU = Debug|Any CPU
		Release|Any CPU = Release|Any CPU
	EndGlobalSection
	GlobalSection(ProjectConfigurationPlatforms) = postSolution
		{FCDF7798-13B7-4821-A8EF-72B5D7786AD9}.Debug|Any CPU.ActiveCfg = Debug|Any CPU
		{FCDF7798-13B7-4821-A8EF-72B5D7786AD9}.Debug|Any CPU.Build.0 = Debug|Any CPU
		{FCDF7798-13B7-4821-A8EF-72B5D7786AD9}.Release|Any CPU.ActiveCfg = Release|Any CPU
		{FCDF7798-13B7-4821-A8EF-72B5D7786AD9}.Release|Any CPU.Build.0 = Release|Any CPU
	EndGlobalSection
	GlobalSection(SolutionProperties) = preSolution
		HideSolutionNode = FALSE
	EndGlobalSection
	GlobalSection(ExtensibilityGlobals) = postSolution
		SolutionGuid = {3BFE7C83-7153-4341-969A-2F2459E5C19B}
	EndGlobalSection
EndGlobal
