
Microsoft Visual Studio Solution File, Format Version 12.00
# Visual Studio Version 16
VisualStudioVersion = 16.0.30907.101
MinimumVisualStudioVersion = 10.0.40219.1
Project("{FAE04EC0-301F-11D3-BF4B-00C04F79EFBC}") = "MathOperators", "MathOperators\MathOperators.csproj", "{FAB95155-22F5-4C29-B4B5-F02832AAB6F3}"
EndProject
Global
	GlobalSection(SolutionConfigurationPlatforms) = preSolution
		Debug|Any CPU = Debug|Any CPU
		Release|Any CPU = Release|Any CPU
	EndGlobalSection
	GlobalSection(ProjectConfigurationPlatforms) = postSolution
		{FAB95155-22F5-4C29-B4B5-F02832AAB6F3}.Debug|Any CPU.ActiveCfg = Debug|Any CPU
		{FAB95155-22F5-4C29-B4B5-F02832AAB6F3}.Debug|Any CPU.Build.0 = Debug|Any CPU
		{FAB95155-22F5-4C29-B4B5-F02832AAB6F3}.Release|Any CPU.ActiveCfg = Release|Any CPU
		{FAB95155-22F5-4C29-B4B5-F02832AAB6F3}.Release|Any CPU.Build.0 = Release|Any CPU
	EndGlobalSection
	GlobalSection(SolutionProperties) = preSolution
		HideSolutionNode = FALSE
	EndGlobalSection
	GlobalSection(ExtensibilityGlobals) = postSolution
		SolutionGuid = {E0239266-5FCA-4732-BC8B-8FE72F7AEA7A}
	EndGlobalSection
EndGlobal
