
Microsoft Visual Studio Solution File, Format Version 12.00
# Visual Studio Version 16
VisualStudioVersion = 16.0.30907.101
MinimumVisualStudioVersion = 10.0.40219.1
Project("{FAE04EC0-301F-11D3-BF4B-00C04F79EFBC}") = "Iterations", "Iterations\Iterations.csproj", "{566629FF-0441-4820-A1E0-5D0D189901BA}"
EndProject
Global
	GlobalSection(SolutionConfigurationPlatforms) = preSolution
		Debug|Any CPU = Debug|Any CPU
		Release|Any CPU = Release|Any CPU
	EndGlobalSection
	GlobalSection(ProjectConfigurationPlatforms) = postSolution
		{566629FF-0441-4820-A1E0-5D0D189901BA}.Debug|Any CPU.ActiveCfg = Debug|Any CPU
		{566629FF-0441-4820-A1E0-5D0D189901BA}.Debug|Any CPU.Build.0 = Debug|Any CPU
		{566629FF-0441-4820-A1E0-5D0D189901BA}.Release|Any CPU.ActiveCfg = Release|Any CPU
		{566629FF-0441-4820-A1E0-5D0D189901BA}.Release|Any CPU.Build.0 = Release|Any CPU
	EndGlobalSection
	GlobalSection(SolutionProperties) = preSolution
		HideSolutionNode = FALSE
	EndGlobalSection
	GlobalSection(ExtensibilityGlobals) = postSolution
		SolutionGuid = {EBE4F892-2F41-4921-AB9E-2D4075A0AD66}
	EndGlobalSection
EndGlobal
