
Microsoft Visual Studio Solution File, Format Version 12.00
# Visual Studio Version 16
VisualStudioVersion = 16.0.30907.101
MinimumVisualStudioVersion = 10.0.40219.1
Project("{FAE04EC0-301F-11D3-BF4B-00C04F79EFBC}") = "VariablesAndDataTypes", "VariablesAndDataTypes\VariablesAndDataTypes.csproj", "{B0BCFCD3-AB13-4028-AE97-900A570A38AD}"
EndProject
Global
	GlobalSection(SolutionConfigurationPlatforms) = preSolution
		Debug|Any CPU = Debug|Any CPU
		Release|Any CPU = Release|Any CPU
	EndGlobalSection
	GlobalSection(ProjectConfigurationPlatforms) = postSolution
		{B0BCFCD3-AB13-4028-AE97-900A570A38AD}.Debug|Any CPU.ActiveCfg = Debug|Any CPU
		{B0BCFCD3-AB13-4028-AE97-900A570A38AD}.Debug|Any CPU.Build.0 = Debug|Any CPU
		{B0BCFCD3-AB13-4028-AE97-900A570A38AD}.Release|Any CPU.ActiveCfg = Release|Any CPU
		{B0BCFCD3-AB13-4028-AE97-900A570A38AD}.Release|Any CPU.Build.0 = Release|Any CPU
	EndGlobalSection
	GlobalSection(SolutionProperties) = preSolution
		HideSolutionNode = FALSE
	EndGlobalSection
	GlobalSection(ExtensibilityGlobals) = postSolution
		SolutionGuid = {95052D63-8701-4142-BE9A-F82E5217C7F6}
	EndGlobalSection
EndGlobal
