
Microsoft Visual Studio Solution File, Format Version 12.00
# Visual Studio Version 16
VisualStudioVersion = 16.0.31019.35
MinimumVisualStudioVersion = 10.0.40219.1
Project("{FAE04EC0-301F-11D3-BF4B-00C04F79EFBC}") = "CarInsurance", "CarInsurance\CarInsurance.csproj", "{C7171757-9EF3-4F3A-86D6-687E5ECD14F9}"
EndProject
Global
	GlobalSection(SolutionConfigurationPlatforms) = preSolution
		Debug|Any CPU = Debug|Any CPU
		Release|Any CPU = Release|Any CPU
	EndGlobalSection
	GlobalSection(ProjectConfigurationPlatforms) = postSolution
		{C7171757-9EF3-4F3A-86D6-687E5ECD14F9}.Debug|Any CPU.ActiveCfg = Debug|Any CPU
		{C7171757-9EF3-4F3A-86D6-687E5ECD14F9}.Debug|Any CPU.Build.0 = Debug|Any CPU
		{C7171757-9EF3-4F3A-86D6-687E5ECD14F9}.Release|Any CPU.ActiveCfg = Release|Any CPU
		{C7171757-9EF3-4F3A-86D6-687E5ECD14F9}.Release|Any CPU.Build.0 = Release|Any CPU
	EndGlobalSection
	GlobalSection(SolutionProperties) = preSolution
		HideSolutionNode = FALSE
	EndGlobalSection
	GlobalSection(ExtensibilityGlobals) = postSolution
		SolutionGuid = {43F9ED87-39E5-4D87-86EC-7C1C88E97CA0}
	EndGlobalSection
EndGlobal
