
Microsoft Visual Studio Solution File, Format Version 12.00
# Visual Studio Version 16
VisualStudioVersion = 16.0.31019.35
MinimumVisualStudioVersion = 10.0.40219.1
Project("{FAE04EC0-301F-11D3-BF4B-00C04F79EFBC}") = "Practicepractice", "Practicepractice\Practicepractice.csproj", "{301CF57F-ED25-413D-9298-467DCA0B0F59}"
EndProject
Global
	GlobalSection(SolutionConfigurationPlatforms) = preSolution
		Debug|Any CPU = Debug|Any CPU
		Release|Any CPU = Release|Any CPU
	EndGlobalSection
	GlobalSection(ProjectConfigurationPlatforms) = postSolution
		{301CF57F-ED25-413D-9298-467DCA0B0F59}.Debug|Any CPU.ActiveCfg = Debug|Any CPU
		{301CF57F-ED25-413D-9298-467DCA0B0F59}.Debug|Any CPU.Build.0 = Debug|Any CPU
		{301CF57F-ED25-413D-9298-467DCA0B0F59}.Release|Any CPU.ActiveCfg = Release|Any CPU
		{301CF57F-ED25-413D-9298-467DCA0B0F59}.Release|Any CPU.Build.0 = Release|Any CPU
	EndGlobalSection
	GlobalSection(SolutionProperties) = preSolution
		HideSolutionNode = FALSE
	EndGlobalSection
	GlobalSection(ExtensibilityGlobals) = postSolution
		SolutionGuid = {0A15D9C0-B06B-4619-9D16-8BC84F10ABD0}
	EndGlobalSection
EndGlobal
