
Microsoft Visual Studio Solution File, Format Version 12.00
# Visual Studio Version 16
VisualStudioVersion = 16.0.31019.35
MinimumVisualStudioVersion = 10.0.40219.1
Project("{FAE04EC0-301F-11D3-BF4B-00C04F79EFBC}") = "TechStudentsMVC", "TechStudentsMVC\TechStudentsMVC.csproj", "{47B80361-3C43-4783-8A6C-1BF95F939A6E}"
EndProject
Global
	GlobalSection(SolutionConfigurationPlatforms) = preSolution
		Debug|Any CPU = Debug|Any CPU
		Release|Any CPU = Release|Any CPU
	EndGlobalSection
	GlobalSection(ProjectConfigurationPlatforms) = postSolution
		{47B80361-3C43-4783-8A6C-1BF95F939A6E}.Debug|Any CPU.ActiveCfg = Debug|Any CPU
		{47B80361-3C43-4783-8A6C-1BF95F939A6E}.Debug|Any CPU.Build.0 = Debug|Any CPU
		{47B80361-3C43-4783-8A6C-1BF95F939A6E}.Release|Any CPU.ActiveCfg = Release|Any CPU
		{47B80361-3C43-4783-8A6C-1BF95F939A6E}.Release|Any CPU.Build.0 = Release|Any CPU
	EndGlobalSection
	GlobalSection(SolutionProperties) = preSolution
		HideSolutionNode = FALSE
	EndGlobalSection
	GlobalSection(ExtensibilityGlobals) = postSolution
		SolutionGuid = {BCEED8EB-8FC1-4EFC-B486-E9D4F3B152AA}
	EndGlobalSection
EndGlobal
