
Microsoft Visual Studio Solution File, Format Version 12.00
# Visual Studio Version 16
VisualStudioVersion = 16.0.31019.35
MinimumVisualStudioVersion = 10.0.40219.1
Project("{FAE04EC0-301F-11D3-BF4B-00C04F79EFBC}") = "WebApplication1", "WebApplication1\WebApplication1.csproj", "{8AF699F3-7B5B-42EB-A695-634AC40E82D4}"
EndProject
Global
	GlobalSection(SolutionConfigurationPlatforms) = preSolution
		Debug|Any CPU = Debug|Any CPU
		Release|Any CPU = Release|Any CPU
	EndGlobalSection
	GlobalSection(ProjectConfigurationPlatforms) = postSolution
		{8AF699F3-7B5B-42EB-A695-634AC40E82D4}.Debug|Any CPU.ActiveCfg = Debug|Any CPU
		{8AF699F3-7B5B-42EB-A695-634AC40E82D4}.Debug|Any CPU.Build.0 = Debug|Any CPU
		{8AF699F3-7B5B-42EB-A695-634AC40E82D4}.Release|Any CPU.ActiveCfg = Release|Any CPU
		{8AF699F3-7B5B-42EB-A695-634AC40E82D4}.Release|Any CPU.Build.0 = Release|Any CPU
	EndGlobalSection
	GlobalSection(SolutionProperties) = preSolution
		HideSolutionNode = FALSE
	EndGlobalSection
	GlobalSection(ExtensibilityGlobals) = postSolution
		SolutionGuid = {8A8EAC99-1DCD-44D1-BBF0-C3E41D5EDF35}
	EndGlobalSection
EndGlobal
