
Microsoft Visual Studio Solution File, Format Version 12.00
# Visual Studio Version 16
VisualStudioVersion = 16.0.30907.101
MinimumVisualStudioVersion = 10.0.40219.1
Project("{FAE04EC0-301F-11D3-BF4B-00C04F79EFBC}") = "ArraysandLists", "ArraysandLists\ArraysandLists.csproj", "{7E00BEF0-FC3B-451C-9CBC-15329F32684F}"
EndProject
Global
	GlobalSection(SolutionConfigurationPlatforms) = preSolution
		Debug|Any CPU = Debug|Any CPU
		Release|Any CPU = Release|Any CPU
	EndGlobalSection
	GlobalSection(ProjectConfigurationPlatforms) = postSolution
		{7E00BEF0-FC3B-451C-9CBC-15329F32684F}.Debug|Any CPU.ActiveCfg = Debug|Any CPU
		{7E00BEF0-FC3B-451C-9CBC-15329F32684F}.Debug|Any CPU.Build.0 = Debug|Any CPU
		{7E00BEF0-FC3B-451C-9CBC-15329F32684F}.Release|Any CPU.ActiveCfg = Release|Any CPU
		{7E00BEF0-FC3B-451C-9CBC-15329F32684F}.Release|Any CPU.Build.0 = Release|Any CPU
	EndGlobalSection
	GlobalSection(SolutionProperties) = preSolution
		HideSolutionNode = FALSE
	EndGlobalSection
	GlobalSection(ExtensibilityGlobals) = postSolution
		SolutionGuid = {6055ECF2-E146-4004-9C47-EE0E7FA4830D}
	EndGlobalSection
EndGlobal
