
Microsoft Visual Studio Solution File, Format Version 12.00
# Visual Studio Version 16
VisualStudioVersion = 16.0.30907.101
MinimumVisualStudioVersion = 10.0.40219.1
Project("{FAE04EC0-301F-11D3-BF4B-00C04F79EFBC}") = "DoWhileLoops", "DoWhileLoops\DoWhileLoops.csproj", "{552DE80E-F0BF-4814-836C-8F8D129181FD}"
EndProject
Global
	GlobalSection(SolutionConfigurationPlatforms) = preSolution
		Debug|Any CPU = Debug|Any CPU
		Release|Any CPU = Release|Any CPU
	EndGlobalSection
	GlobalSection(ProjectConfigurationPlatforms) = postSolution
		{552DE80E-F0BF-4814-836C-8F8D129181FD}.Debug|Any CPU.ActiveCfg = Debug|Any CPU
		{552DE80E-F0BF-4814-836C-8F8D129181FD}.Debug|Any CPU.Build.0 = Debug|Any CPU
		{552DE80E-F0BF-4814-836C-8F8D129181FD}.Release|Any CPU.ActiveCfg = Release|Any CPU
		{552DE80E-F0BF-4814-836C-8F8D129181FD}.Release|Any CPU.Build.0 = Release|Any CPU
	EndGlobalSection
	GlobalSection(SolutionProperties) = preSolution
		HideSolutionNode = FALSE
	EndGlobalSection
	GlobalSection(ExtensibilityGlobals) = postSolution
		SolutionGuid = {7A5DD71F-9292-4C6D-88E2-9C03E5B20830}
	EndGlobalSection
EndGlobal
