
Microsoft Visual Studio Solution File, Format Version 12.00
# Visual Studio Version 16
VisualStudioVersion = 16.0.30907.101
MinimumVisualStudioVersion = 10.0.40219.1
Project("{FAE04EC0-301F-11D3-BF4B-00C04F79EFBC}") = "myConsoleProject.cs", "myConsoleProject.cs\myConsoleProject.cs.csproj", "{722E47CE-3B5B-4F93-B14B-F2D69E9A90BE}"
EndProject
Global
	GlobalSection(SolutionConfigurationPlatforms) = preSolution
		Debug|Any CPU = Debug|Any CPU
		Release|Any CPU = Release|Any CPU
	EndGlobalSection
	GlobalSection(ProjectConfigurationPlatforms) = postSolution
		{722E47CE-3B5B-4F93-B14B-F2D69E9A90BE}.Debug|Any CPU.ActiveCfg = Debug|Any CPU
		{722E47CE-3B5B-4F93-B14B-F2D69E9A90BE}.Debug|Any CPU.Build.0 = Debug|Any CPU
		{722E47CE-3B5B-4F93-B14B-F2D69E9A90BE}.Release|Any CPU.ActiveCfg = Release|Any CPU
		{722E47CE-3B5B-4F93-B14B-F2D69E9A90BE}.Release|Any CPU.Build.0 = Release|Any CPU
	EndGlobalSection
	GlobalSection(SolutionProperties) = preSolution
		HideSolutionNode = FALSE
	EndGlobalSection
	GlobalSection(ExtensibilityGlobals) = postSolution
		SolutionGuid = {3FAD1E09-8846-49A5-8509-1C06A8AFA49A}
	EndGlobalSection
EndGlobal
