
Microsoft Visual Studio Solution File, Format Version 12.00
# Visual Studio Version 16
VisualStudioVersion = 16.0.31019.35
MinimumVisualStudioVersion = 10.0.40219.1
Project("{FAE04EC0-301F-11D3-BF4B-00C04F79EFBC}") = "EFCodeFirstApp", "EFCodeFirstApp\EFCodeFirstApp.csproj", "{C474D52F-0893-4F04-AAF9-F302439EE081}"
EndProject
Global
	GlobalSection(SolutionConfigurationPlatforms) = preSolution
		Debug|Any CPU = Debug|Any CPU
		Release|Any CPU = Release|Any CPU
	EndGlobalSection
	GlobalSection(ProjectConfigurationPlatforms) = postSolution
		{C474D52F-0893-4F04-AAF9-F302439EE081}.Debug|Any CPU.ActiveCfg = Debug|Any CPU
		{C474D52F-0893-4F04-AAF9-F302439EE081}.Debug|Any CPU.Build.0 = Debug|Any CPU
		{C474D52F-0893-4F04-AAF9-F302439EE081}.Release|Any CPU.ActiveCfg = Release|Any CPU
		{C474D52F-0893-4F04-AAF9-F302439EE081}.Release|Any CPU.Build.0 = Release|Any CPU
	EndGlobalSection
	GlobalSection(SolutionProperties) = preSolution
		HideSolutionNode = FALSE
	EndGlobalSection
	GlobalSection(ExtensibilityGlobals) = postSolution
		SolutionGuid = {D248B32E-3535-443F-8C5D-EBFF3B46AB4F}
	EndGlobalSection
EndGlobal
