
Microsoft Visual Studio Solution File, Format Version 12.00
# Visual Studio Version 16
VisualStudioVersion = 16.0.30907.101
MinimumVisualStudioVersion = 10.0.40219.1
Project("{FAE04EC0-301F-11D3-BF4B-00C04F79EFBC}") = "MoreMethodPractice", "MoreMethodPractice\MoreMethodPractice.csproj", "{6B265BFA-80C5-4B5D-A3E3-2B82812C2104}"
EndProject
Global
	GlobalSection(SolutionConfigurationPlatforms) = preSolution
		Debug|Any CPU = Debug|Any CPU
		Release|Any CPU = Release|Any CPU
	EndGlobalSection
	GlobalSection(ProjectConfigurationPlatforms) = postSolution
		{6B265BFA-80C5-4B5D-A3E3-2B82812C2104}.Debug|Any CPU.ActiveCfg = Debug|Any CPU
		{6B265BFA-80C5-4B5D-A3E3-2B82812C2104}.Debug|Any CPU.Build.0 = Debug|Any CPU
		{6B265BFA-80C5-4B5D-A3E3-2B82812C2104}.Release|Any CPU.ActiveCfg = Release|Any CPU
		{6B265BFA-80C5-4B5D-A3E3-2B82812C2104}.Release|Any CPU.Build.0 = Release|Any CPU
	EndGlobalSection
	GlobalSection(SolutionProperties) = preSolution
		HideSolutionNode = FALSE
	EndGlobalSection
	GlobalSection(ExtensibilityGlobals) = postSolution
		SolutionGuid = {6D19E664-31D2-4FF5-99EA-4FCE3DBF5A28}
	EndGlobalSection
EndGlobal
