
Microsoft Visual Studio Solution File, Format Version 12.00
# Visual Studio Version 16
VisualStudioVersion = 16.0.31019.35
MinimumVisualStudioVersion = 10.0.40219.1
Project("{FAE04EC0-301F-11D3-BF4B-00C04F79EFBC}") = "PracticeMVC", "PracticeMVC\PracticeMVC.csproj", "{2CA3E081-9B72-469C-89FB-D1D06F6FCF52}"
EndProject
Global
	GlobalSection(SolutionConfigurationPlatforms) = preSolution
		Debug|Any CPU = Debug|Any CPU
		Release|Any CPU = Release|Any CPU
	EndGlobalSection
	GlobalSection(ProjectConfigurationPlatforms) = postSolution
		{2CA3E081-9B72-469C-89FB-D1D06F6FCF52}.Debug|Any CPU.ActiveCfg = Debug|Any CPU
		{2CA3E081-9B72-469C-89FB-D1D06F6FCF52}.Debug|Any CPU.Build.0 = Debug|Any CPU
		{2CA3E081-9B72-469C-89FB-D1D06F6FCF52}.Release|Any CPU.ActiveCfg = Release|Any CPU
		{2CA3E081-9B72-469C-89FB-D1D06F6FCF52}.Release|Any CPU.Build.0 = Release|Any CPU
	EndGlobalSection
	GlobalSection(SolutionProperties) = preSolution
		HideSolutionNode = FALSE
	EndGlobalSection
	GlobalSection(ExtensibilityGlobals) = postSolution
		SolutionGuid = {1C15CA77-DDDD-4970-B75A-7E7793FE2AFB}
	EndGlobalSection
EndGlobal
