
Microsoft Visual Studio Solution File, Format Version 12.00
# Visual Studio Version 16
VisualStudioVersion = 16.0.31019.35
MinimumVisualStudioVersion = 10.0.40219.1
Project("{FAE04EC0-301F-11D3-BF4B-00C04F79EFBC}") = "VoidMethod2", "VoidMethod2\VoidMethod2.csproj", "{42B9F175-1CB5-4475-B8F8-3D40C4000199}"
EndProject
Global
	GlobalSection(SolutionConfigurationPlatforms) = preSolution
		Debug|Any CPU = Debug|Any CPU
		Release|Any CPU = Release|Any CPU
	EndGlobalSection
	GlobalSection(ProjectConfigurationPlatforms) = postSolution
		{42B9F175-1CB5-4475-B8F8-3D40C4000199}.Debug|Any CPU.ActiveCfg = Debug|Any CPU
		{42B9F175-1CB5-4475-B8F8-3D40C4000199}.Debug|Any CPU.Build.0 = Debug|Any CPU
		{42B9F175-1CB5-4475-B8F8-3D40C4000199}.Release|Any CPU.ActiveCfg = Release|Any CPU
		{42B9F175-1CB5-4475-B8F8-3D40C4000199}.Release|Any CPU.Build.0 = Release|Any CPU
	EndGlobalSection
	GlobalSection(SolutionProperties) = preSolution
		HideSolutionNode = FALSE
	EndGlobalSection
	GlobalSection(ExtensibilityGlobals) = postSolution
		SolutionGuid = {FBBE3FFE-CA34-48BA-91DF-15676134A3F0}
	EndGlobalSection
EndGlobal
